
Microsoft Visual Studio Solution File, Format Version 12.00
# Visual Studio Version 16
VisualStudioVersion = 16.0.31019.35
MinimumVisualStudioVersion = 10.0.40219.1
Project("{FAE04EC0-301F-11D3-BF4B-00C04F79EFBC}") = "Recursive Array Sum", "BasicAlgoritms\Recursive Array Sum.csproj", "{D221202C-49C4-4CD1-B5EB-600050C73A41}"
EndProject
Project("{FAE04EC0-301F-11D3-BF4B-00C04F79EFBC}") = "Recursive Factorial", "Recursive Factorial\Recursive Factorial.csproj", "{78AC2CBD-E8C0-4D14-BB88-164AAF81010C}"
EndProject
Project("{FAE04EC0-301F-11D3-BF4B-00C04F79EFBC}") = "Sum of Coins", "Sum of Coins\Sum of Coins.csproj", "{2B746867-FC8F-47DC-B985-05A531A8EF23}"
EndProject
Global
	GlobalSection(SolutionConfigurationPlatforms) = preSolution
		Debug|Any CPU = Debug|Any CPU
		Release|Any CPU = Release|Any CPU
	EndGlobalSection
	GlobalSection(ProjectConfigurationPlatforms) = postSolution
		{D221202C-49C4-4CD1-B5EB-600050C73A41}.Debug|Any CPU.ActiveCfg = Debug|Any CPU
		{D221202C-49C4-4CD1-B5EB-600050C73A41}.Debug|Any CPU.Build.0 = Debug|Any CPU
		{D221202C-49C4-4CD1-B5EB-600050C73A41}.Release|Any CPU.ActiveCfg = Release|Any CPU
		{D221202C-49C4-4CD1-B5EB-600050C73A41}.Release|Any CPU.Build.0 = Release|Any CPU
		{78AC2CBD-E8C0-4D14-BB88-164AAF81010C}.Debug|Any CPU.ActiveCfg = Debug|Any CPU
		{78AC2CBD-E8C0-4D14-BB88-164AAF81010C}.Debug|Any CPU.Build.0 = Debug|Any CPU
		{78AC2CBD-E8C0-4D14-BB88-164AAF81010C}.Release|Any CPU.ActiveCfg = Release|Any CPU
		{78AC2CBD-E8C0-4D14-BB88-164AAF81010C}.Release|Any CPU.Build.0 = Release|Any CPU
		{2B746867-FC8F-47DC-B985-05A531A8EF23}.Debug|Any CPU.ActiveCfg = Debug|Any CPU
		{2B746867-FC8F-47DC-B985-05A531A8EF23}.Debug|Any CPU.Build.0 = Debug|Any CPU
		{2B746867-FC8F-47DC-B985-05A531A8EF23}.Release|Any CPU.ActiveCfg = Release|Any CPU
		{2B746867-FC8F-47DC-B985-05A531A8EF23}.Release|Any CPU.Build.0 = Release|Any CPU
	EndGlobalSection
	GlobalSection(SolutionProperties) = preSolution
		HideSolutionNode = FALSE
	EndGlobalSection
	GlobalSection(ExtensibilityGlobals) = postSolution
		SolutionGuid = {59A363E5-74D0-44CE-9363-BD611B54818C}
	EndGlobalSection
EndGlobal
