
Microsoft Visual Studio Solution File, Format Version 12.00
# Visual Studio Version 16
VisualStudioVersion = 16.0.31019.35
MinimumVisualStudioVersion = 10.0.40219.1
Project("{FAE04EC0-301F-11D3-BF4B-00C04F79EFBC}") = "01.Masterchef", "Advanced Exam-26June2021\01.Masterchef.csproj", "{73F23BA9-4086-4405-9B0A-C116D678D68C}"
EndProject
Project("{FAE04EC0-301F-11D3-BF4B-00C04F79EFBC}") = "02.Survivor", "02.Survivor\02.Survivor.csproj", "{93802379-606C-498D-AF85-4E11475B6D9D}"
EndProject
Project("{9A19103F-16F7-4668-BE54-9A1E7A4F7556}") = "SkiRental", "..\..\..\Desktop\03. Ski Rental_Skeleton\SkiRental\SkiRental.csproj", "{C0C7732B-9C8A-465E-ACF2-ABC581060A7D}"
EndProject
Global
	GlobalSection(SolutionConfigurationPlatforms) = preSolution
		Debug|Any CPU = Debug|Any CPU
		Release|Any CPU = Release|Any CPU
	EndGlobalSection
	GlobalSection(ProjectConfigurationPlatforms) = postSolution
		{73F23BA9-4086-4405-9B0A-C116D678D68C}.Debug|Any CPU.ActiveCfg = Debug|Any CPU
		{73F23BA9-4086-4405-9B0A-C116D678D68C}.Debug|Any CPU.Build.0 = Debug|Any CPU
		{73F23BA9-4086-4405-9B0A-C116D678D68C}.Release|Any CPU.ActiveCfg = Release|Any CPU
		{73F23BA9-4086-4405-9B0A-C116D678D68C}.Release|Any CPU.Build.0 = Release|Any CPU
		{93802379-606C-498D-AF85-4E11475B6D9D}.Debug|Any CPU.ActiveCfg = Debug|Any CPU
		{93802379-606C-498D-AF85-4E11475B6D9D}.Debug|Any CPU.Build.0 = Debug|Any CPU
		{93802379-606C-498D-AF85-4E11475B6D9D}.Release|Any CPU.ActiveCfg = Release|Any CPU
		{93802379-606C-498D-AF85-4E11475B6D9D}.Release|Any CPU.Build.0 = Release|Any CPU
		{C0C7732B-9C8A-465E-ACF2-ABC581060A7D}.Debug|Any CPU.ActiveCfg = Debug|Any CPU
		{C0C7732B-9C8A-465E-ACF2-ABC581060A7D}.Debug|Any CPU.Build.0 = Debug|Any CPU
		{C0C7732B-9C8A-465E-ACF2-ABC581060A7D}.Release|Any CPU.ActiveCfg = Release|Any CPU
		{C0C7732B-9C8A-465E-ACF2-ABC581060A7D}.Release|Any CPU.Build.0 = Release|Any CPU
	EndGlobalSection
	GlobalSection(SolutionProperties) = preSolution
		HideSolutionNode = FALSE
	EndGlobalSection
	GlobalSection(ExtensibilityGlobals) = postSolution
		SolutionGuid = {69893AD1-8003-4B86-8ECF-933D7BAE9141}
	EndGlobalSection
EndGlobal
