
Microsoft Visual Studio Solution File, Format Version 12.00
# Visual Studio Version 16
VisualStudioVersion = 16.0.31019.35
MinimumVisualStudioVersion = 10.0.40219.1
Project("{9A19103F-16F7-4668-BE54-9A1E7A4F7556}") = "ClassBoxData", "OOP-Encapsulation-Exercise\ClassBoxData.csproj", "{EA0EE37B-6B9A-4AEC-8C4D-F3BA83593EC6}"
EndProject
Project("{FAE04EC0-301F-11D3-BF4B-00C04F79EFBC}") = "ShoppingSpree", "Shopping Spree\ShoppingSpree.csproj", "{2B5D4AD9-1E1F-406B-8B6F-8FCF40CA9553}"
EndProject
Project("{FAE04EC0-301F-11D3-BF4B-00C04F79EFBC}") = "PizzaCalories", "PizzaCalories\PizzaCalories.csproj", "{4F9E32DD-FF82-4577-AE80-96CED855A0E8}"
EndProject
Project("{FAE04EC0-301F-11D3-BF4B-00C04F79EFBC}") = "FootballTeamGenerator", "FootballTeamGenerator\FootballTeamGenerator.csproj", "{264DE64E-27B3-47B7-862E-03BC8E581516}"
EndProject
Global
	GlobalSection(SolutionConfigurationPlatforms) = preSolution
		Debug|Any CPU = Debug|Any CPU
		Release|Any CPU = Release|Any CPU
	EndGlobalSection
	GlobalSection(ProjectConfigurationPlatforms) = postSolution
		{EA0EE37B-6B9A-4AEC-8C4D-F3BA83593EC6}.Debug|Any CPU.ActiveCfg = Debug|Any CPU
		{EA0EE37B-6B9A-4AEC-8C4D-F3BA83593EC6}.Debug|Any CPU.Build.0 = Debug|Any CPU
		{EA0EE37B-6B9A-4AEC-8C4D-F3BA83593EC6}.Release|Any CPU.ActiveCfg = Release|Any CPU
		{EA0EE37B-6B9A-4AEC-8C4D-F3BA83593EC6}.Release|Any CPU.Build.0 = Release|Any CPU
		{2B5D4AD9-1E1F-406B-8B6F-8FCF40CA9553}.Debug|Any CPU.ActiveCfg = Debug|Any CPU
		{2B5D4AD9-1E1F-406B-8B6F-8FCF40CA9553}.Debug|Any CPU.Build.0 = Debug|Any CPU
		{2B5D4AD9-1E1F-406B-8B6F-8FCF40CA9553}.Release|Any CPU.ActiveCfg = Release|Any CPU
		{2B5D4AD9-1E1F-406B-8B6F-8FCF40CA9553}.Release|Any CPU.Build.0 = Release|Any CPU
		{4F9E32DD-FF82-4577-AE80-96CED855A0E8}.Debug|Any CPU.ActiveCfg = Debug|Any CPU
		{4F9E32DD-FF82-4577-AE80-96CED855A0E8}.Debug|Any CPU.Build.0 = Debug|Any CPU
		{4F9E32DD-FF82-4577-AE80-96CED855A0E8}.Release|Any CPU.ActiveCfg = Release|Any CPU
		{4F9E32DD-FF82-4577-AE80-96CED855A0E8}.Release|Any CPU.Build.0 = Release|Any CPU
		{264DE64E-27B3-47B7-862E-03BC8E581516}.Debug|Any CPU.ActiveCfg = Debug|Any CPU
		{264DE64E-27B3-47B7-862E-03BC8E581516}.Debug|Any CPU.Build.0 = Debug|Any CPU
		{264DE64E-27B3-47B7-862E-03BC8E581516}.Release|Any CPU.ActiveCfg = Release|Any CPU
		{264DE64E-27B3-47B7-862E-03BC8E581516}.Release|Any CPU.Build.0 = Release|Any CPU
	EndGlobalSection
	GlobalSection(SolutionProperties) = preSolution
		HideSolutionNode = FALSE
	EndGlobalSection
	GlobalSection(ExtensibilityGlobals) = postSolution
		SolutionGuid = {82A904C3-BBAB-4E50-90C0-6397E3E8AB91}
	EndGlobalSection
EndGlobal
