
Microsoft Visual Studio Solution File, Format Version 12.00
# Visual Studio Version 16
VisualStudioVersion = 16.0.31019.35
MinimumVisualStudioVersion = 10.0.40219.1
Project("{FAE04EC0-301F-11D3-BF4B-00C04F79EFBC}") = "Cars", "OOP-Abstraction-Lab\Cars.csproj", "{1EC1E215-339E-40F2-890B-4C80AAF2C762}"
EndProject
Global
	GlobalSection(SolutionConfigurationPlatforms) = preSolution
		Debug|Any CPU = Debug|Any CPU
		Release|Any CPU = Release|Any CPU
	EndGlobalSection
	GlobalSection(ProjectConfigurationPlatforms) = postSolution
		{1EC1E215-339E-40F2-890B-4C80AAF2C762}.Debug|Any CPU.ActiveCfg = Debug|Any CPU
		{1EC1E215-339E-40F2-890B-4C80AAF2C762}.Debug|Any CPU.Build.0 = Debug|Any CPU
		{1EC1E215-339E-40F2-890B-4C80AAF2C762}.Release|Any CPU.ActiveCfg = Release|Any CPU
		{1EC1E215-339E-40F2-890B-4C80AAF2C762}.Release|Any CPU.Build.0 = Release|Any CPU
	EndGlobalSection
	GlobalSection(SolutionProperties) = preSolution
		HideSolutionNode = FALSE
	EndGlobalSection
	GlobalSection(ExtensibilityGlobals) = postSolution
		SolutionGuid = {BA77020B-5F03-4E73-AF12-D905801A9296}
	EndGlobalSection
EndGlobal
