
Microsoft Visual Studio Solution File, Format Version 12.00
# Visual Studio Version 16
VisualStudioVersion = 16.0.31019.35
MinimumVisualStudioVersion = 10.0.40219.1
Project("{FAE04EC0-301F-11D3-BF4B-00C04F79EFBC}") = "01.Cooking", "AdvancedRetakeExam-16December2020\01.Cooking.csproj", "{7A3F048E-E5DF-49D8-8218-198F7EEDF5D2}"
EndProject
Project("{FAE04EC0-301F-11D3-BF4B-00C04F79EFBC}") = "02.Selling", "02.Selling\02.Selling.csproj", "{D8957B34-7832-4F91-8290-3E8F5AF1DB72}"
EndProject
Project("{FAE04EC0-301F-11D3-BF4B-00C04F79EFBC}") = "BakeryOpenning", "Bakery\BakeryOpenning.csproj", "{7B2B9600-4207-4AFF-A833-C422BD771AB8}"
EndProject
Global
	GlobalSection(SolutionConfigurationPlatforms) = preSolution
		Debug|Any CPU = Debug|Any CPU
		Release|Any CPU = Release|Any CPU
	EndGlobalSection
	GlobalSection(ProjectConfigurationPlatforms) = postSolution
		{7A3F048E-E5DF-49D8-8218-198F7EEDF5D2}.Debug|Any CPU.ActiveCfg = Debug|Any CPU
		{7A3F048E-E5DF-49D8-8218-198F7EEDF5D2}.Debug|Any CPU.Build.0 = Debug|Any CPU
		{7A3F048E-E5DF-49D8-8218-198F7EEDF5D2}.Release|Any CPU.ActiveCfg = Release|Any CPU
		{7A3F048E-E5DF-49D8-8218-198F7EEDF5D2}.Release|Any CPU.Build.0 = Release|Any CPU
		{D8957B34-7832-4F91-8290-3E8F5AF1DB72}.Debug|Any CPU.ActiveCfg = Debug|Any CPU
		{D8957B34-7832-4F91-8290-3E8F5AF1DB72}.Debug|Any CPU.Build.0 = Debug|Any CPU
		{D8957B34-7832-4F91-8290-3E8F5AF1DB72}.Release|Any CPU.ActiveCfg = Release|Any CPU
		{D8957B34-7832-4F91-8290-3E8F5AF1DB72}.Release|Any CPU.Build.0 = Release|Any CPU
		{7B2B9600-4207-4AFF-A833-C422BD771AB8}.Debug|Any CPU.ActiveCfg = Debug|Any CPU
		{7B2B9600-4207-4AFF-A833-C422BD771AB8}.Debug|Any CPU.Build.0 = Debug|Any CPU
		{7B2B9600-4207-4AFF-A833-C422BD771AB8}.Release|Any CPU.ActiveCfg = Release|Any CPU
		{7B2B9600-4207-4AFF-A833-C422BD771AB8}.Release|Any CPU.Build.0 = Release|Any CPU
	EndGlobalSection
	GlobalSection(SolutionProperties) = preSolution
		HideSolutionNode = FALSE
	EndGlobalSection
	GlobalSection(ExtensibilityGlobals) = postSolution
		SolutionGuid = {43A5334B-8DD9-41BF-AA94-1C6908F6DC4E}
	EndGlobalSection
EndGlobal
