
Microsoft Visual Studio Solution File, Format Version 12.00
# Visual Studio Version 16
VisualStudioVersion = 16.0.31019.35
MinimumVisualStudioVersion = 10.0.40219.1
Project("{FAE04EC0-301F-11D3-BF4B-00C04F79EFBC}") = "ReflectionAndAttributes-Exercise-OOP", "ReflectionAndAttributes-Exercise-OOP\ReflectionAndAttributes-Exercise-OOP.csproj", "{1A52AC80-EE9A-4155-B6A3-8E9B54376344}"
EndProject
Global
	GlobalSection(SolutionConfigurationPlatforms) = preSolution
		Debug|Any CPU = Debug|Any CPU
		Release|Any CPU = Release|Any CPU
	EndGlobalSection
	GlobalSection(ProjectConfigurationPlatforms) = postSolution
		{1A52AC80-EE9A-4155-B6A3-8E9B54376344}.Debug|Any CPU.ActiveCfg = Debug|Any CPU
		{1A52AC80-EE9A-4155-B6A3-8E9B54376344}.Debug|Any CPU.Build.0 = Debug|Any CPU
		{1A52AC80-EE9A-4155-B6A3-8E9B54376344}.Release|Any CPU.ActiveCfg = Release|Any CPU
		{1A52AC80-EE9A-4155-B6A3-8E9B54376344}.Release|Any CPU.Build.0 = Release|Any CPU
	EndGlobalSection
	GlobalSection(SolutionProperties) = preSolution
		HideSolutionNode = FALSE
	EndGlobalSection
	GlobalSection(ExtensibilityGlobals) = postSolution
		SolutionGuid = {099CBA9B-C0E8-402B-B3E3-CC9386E0FF5B}
	EndGlobalSection
EndGlobal
