
Microsoft Visual Studio Solution File, Format Version 12.00
# Visual Studio Version 16
VisualStudioVersion = 16.0.31019.35
MinimumVisualStudioVersion = 10.0.40219.1
Project("{FAE04EC0-301F-11D3-BF4B-00C04F79EFBC}") = "FoodFinder", "AdvancedExam2310\FoodFinder.csproj", "{E6F3FCE5-2C35-48BC-B5CD-A679BA8CD311}"
EndProject
Project("{FAE04EC0-301F-11D3-BF4B-00C04F79EFBC}") = "PawnWars", "PawnWars\PawnWars.csproj", "{76816943-45FB-4CD1-87F9-70A752230E91}"
EndProject
Project("{FAE04EC0-301F-11D3-BF4B-00C04F79EFBC}") = "ConsoleApp1", "ConsoleApp1\ConsoleApp1.csproj", "{C7DE2DA0-68E4-457A-9C95-29BC61E4FB37}"
EndProject
Global
	GlobalSection(SolutionConfigurationPlatforms) = preSolution
		Debug|Any CPU = Debug|Any CPU
		Release|Any CPU = Release|Any CPU
	EndGlobalSection
	GlobalSection(ProjectConfigurationPlatforms) = postSolution
		{E6F3FCE5-2C35-48BC-B5CD-A679BA8CD311}.Debug|Any CPU.ActiveCfg = Debug|Any CPU
		{E6F3FCE5-2C35-48BC-B5CD-A679BA8CD311}.Debug|Any CPU.Build.0 = Debug|Any CPU
		{E6F3FCE5-2C35-48BC-B5CD-A679BA8CD311}.Release|Any CPU.ActiveCfg = Release|Any CPU
		{E6F3FCE5-2C35-48BC-B5CD-A679BA8CD311}.Release|Any CPU.Build.0 = Release|Any CPU
		{76816943-45FB-4CD1-87F9-70A752230E91}.Debug|Any CPU.ActiveCfg = Debug|Any CPU
		{76816943-45FB-4CD1-87F9-70A752230E91}.Debug|Any CPU.Build.0 = Debug|Any CPU
		{76816943-45FB-4CD1-87F9-70A752230E91}.Release|Any CPU.ActiveCfg = Release|Any CPU
		{76816943-45FB-4CD1-87F9-70A752230E91}.Release|Any CPU.Build.0 = Release|Any CPU
		{C7DE2DA0-68E4-457A-9C95-29BC61E4FB37}.Debug|Any CPU.ActiveCfg = Debug|Any CPU
		{C7DE2DA0-68E4-457A-9C95-29BC61E4FB37}.Debug|Any CPU.Build.0 = Debug|Any CPU
		{C7DE2DA0-68E4-457A-9C95-29BC61E4FB37}.Release|Any CPU.ActiveCfg = Release|Any CPU
		{C7DE2DA0-68E4-457A-9C95-29BC61E4FB37}.Release|Any CPU.Build.0 = Release|Any CPU
	EndGlobalSection
	GlobalSection(SolutionProperties) = preSolution
		HideSolutionNode = FALSE
	EndGlobalSection
	GlobalSection(ExtensibilityGlobals) = postSolution
		SolutionGuid = {A4FE1D7E-F3E2-49B3-93F3-7035FCC336C1}
	EndGlobalSection
EndGlobal
