
Microsoft Visual Studio Solution File, Format Version 12.00
# Visual Studio Version 16
VisualStudioVersion = 16.0.31019.35
MinimumVisualStudioVersion = 10.0.40219.1
Project("{FAE04EC0-301F-11D3-BF4B-00C04F79EFBC}") = "01.ConvertMeterstoKilometers", "01.ConvertMeterstoKilometers\01.ConvertMeterstoKilometers.csproj", "{0E7BE406-BFA4-46F6-83F4-1A20323CEC80}"
EndProject
Project("{FAE04EC0-301F-11D3-BF4B-00C04F79EFBC}") = "02.PoundsToDollars", "02.PoundsToDollars\02.PoundsToDollars.csproj", "{72CA883B-9680-425F-BB32-DDB6D4A9F542}"
EndProject
Project("{FAE04EC0-301F-11D3-BF4B-00C04F79EFBC}") = "03.ExactSumofRealNumbers", "03.ExactSumofRealNumbers\03.ExactSumofRealNumbers.csproj", "{CF02F5A3-592D-4EF7-A23C-0ED44751EADB}"
EndProject
Project("{FAE04EC0-301F-11D3-BF4B-00C04F79EFBC}") = "04.CenturiestoMinutes", "04.CenturiestoMinutes\04.CenturiestoMinutes.csproj", "{9023CD79-5651-4F16-B998-5A7BDA6303EC}"
EndProject
Global
	GlobalSection(SolutionConfigurationPlatforms) = preSolution
		Debug|Any CPU = Debug|Any CPU
		Release|Any CPU = Release|Any CPU
	EndGlobalSection
	GlobalSection(ProjectConfigurationPlatforms) = postSolution
		{0E7BE406-BFA4-46F6-83F4-1A20323CEC80}.Debug|Any CPU.ActiveCfg = Debug|Any CPU
		{0E7BE406-BFA4-46F6-83F4-1A20323CEC80}.Debug|Any CPU.Build.0 = Debug|Any CPU
		{0E7BE406-BFA4-46F6-83F4-1A20323CEC80}.Release|Any CPU.ActiveCfg = Release|Any CPU
		{0E7BE406-BFA4-46F6-83F4-1A20323CEC80}.Release|Any CPU.Build.0 = Release|Any CPU
		{72CA883B-9680-425F-BB32-DDB6D4A9F542}.Debug|Any CPU.ActiveCfg = Debug|Any CPU
		{72CA883B-9680-425F-BB32-DDB6D4A9F542}.Debug|Any CPU.Build.0 = Debug|Any CPU
		{72CA883B-9680-425F-BB32-DDB6D4A9F542}.Release|Any CPU.ActiveCfg = Release|Any CPU
		{72CA883B-9680-425F-BB32-DDB6D4A9F542}.Release|Any CPU.Build.0 = Release|Any CPU
		{CF02F5A3-592D-4EF7-A23C-0ED44751EADB}.Debug|Any CPU.ActiveCfg = Debug|Any CPU
		{CF02F5A3-592D-4EF7-A23C-0ED44751EADB}.Debug|Any CPU.Build.0 = Debug|Any CPU
		{CF02F5A3-592D-4EF7-A23C-0ED44751EADB}.Release|Any CPU.ActiveCfg = Release|Any CPU
		{CF02F5A3-592D-4EF7-A23C-0ED44751EADB}.Release|Any CPU.Build.0 = Release|Any CPU
		{9023CD79-5651-4F16-B998-5A7BDA6303EC}.Debug|Any CPU.ActiveCfg = Debug|Any CPU
		{9023CD79-5651-4F16-B998-5A7BDA6303EC}.Debug|Any CPU.Build.0 = Debug|Any CPU
		{9023CD79-5651-4F16-B998-5A7BDA6303EC}.Release|Any CPU.ActiveCfg = Release|Any CPU
		{9023CD79-5651-4F16-B998-5A7BDA6303EC}.Release|Any CPU.Build.0 = Release|Any CPU
	EndGlobalSection
	GlobalSection(SolutionProperties) = preSolution
		HideSolutionNode = FALSE
	EndGlobalSection
	GlobalSection(ExtensibilityGlobals) = postSolution
		SolutionGuid = {96CC10D5-8288-45A8-B570-B9BB1F1ED5F1}
	EndGlobalSection
EndGlobal
