
Microsoft Visual Studio Solution File, Format Version 12.00
# Visual Studio Version 16
VisualStudioVersion = 16.0.31019.35
MinimumVisualStudioVersion = 10.0.40219.1
Project("{FAE04EC0-301F-11D3-BF4B-00C04F79EFBC}") = "BoxtOfT", "Generics-Lab\BoxtOfT.csproj", "{D13A385A-9F5E-4CAC-ADDD-E7419C9B9650}"
EndProject
Project("{FAE04EC0-301F-11D3-BF4B-00C04F79EFBC}") = "GenericArrayCreator", "GenericArrayCreator\GenericArrayCreator.csproj", "{4D0B8F71-1ED7-47E4-9E2E-E87A535FDCCB}"
EndProject
Project("{FAE04EC0-301F-11D3-BF4B-00C04F79EFBC}") = "GenericScale", "GenericScale\GenericScale.csproj", "{1D7DE5D6-FAB6-4BEB-A0AF-41CF0A719334}"
EndProject
Global
	GlobalSection(SolutionConfigurationPlatforms) = preSolution
		Debug|Any CPU = Debug|Any CPU
		Release|Any CPU = Release|Any CPU
	EndGlobalSection
	GlobalSection(ProjectConfigurationPlatforms) = postSolution
		{D13A385A-9F5E-4CAC-ADDD-E7419C9B9650}.Debug|Any CPU.ActiveCfg = Debug|Any CPU
		{D13A385A-9F5E-4CAC-ADDD-E7419C9B9650}.Debug|Any CPU.Build.0 = Debug|Any CPU
		{D13A385A-9F5E-4CAC-ADDD-E7419C9B9650}.Release|Any CPU.ActiveCfg = Release|Any CPU
		{D13A385A-9F5E-4CAC-ADDD-E7419C9B9650}.Release|Any CPU.Build.0 = Release|Any CPU
		{4D0B8F71-1ED7-47E4-9E2E-E87A535FDCCB}.Debug|Any CPU.ActiveCfg = Debug|Any CPU
		{4D0B8F71-1ED7-47E4-9E2E-E87A535FDCCB}.Debug|Any CPU.Build.0 = Debug|Any CPU
		{4D0B8F71-1ED7-47E4-9E2E-E87A535FDCCB}.Release|Any CPU.ActiveCfg = Release|Any CPU
		{4D0B8F71-1ED7-47E4-9E2E-E87A535FDCCB}.Release|Any CPU.Build.0 = Release|Any CPU
		{1D7DE5D6-FAB6-4BEB-A0AF-41CF0A719334}.Debug|Any CPU.ActiveCfg = Debug|Any CPU
		{1D7DE5D6-FAB6-4BEB-A0AF-41CF0A719334}.Debug|Any CPU.Build.0 = Debug|Any CPU
		{1D7DE5D6-FAB6-4BEB-A0AF-41CF0A719334}.Release|Any CPU.ActiveCfg = Release|Any CPU
		{1D7DE5D6-FAB6-4BEB-A0AF-41CF0A719334}.Release|Any CPU.Build.0 = Release|Any CPU
	EndGlobalSection
	GlobalSection(SolutionProperties) = preSolution
		HideSolutionNode = FALSE
	EndGlobalSection
	GlobalSection(ExtensibilityGlobals) = postSolution
		SolutionGuid = {F44F2529-E754-4972-BB67-B91615047711}
	EndGlobalSection
EndGlobal
