
Microsoft Visual Studio Solution File, Format Version 12.00
# Visual Studio Version 16
VisualStudioVersion = 16.0.31019.35
MinimumVisualStudioVersion = 10.0.40219.1
Project("{9A19103F-16F7-4668-BE54-9A1E7A4F7556}") = "01.SecretChat", "03.ProgrammingFundamentalsFinalExamRetake\01.SecretChat.csproj", "{EEDD549E-1B91-4362-98F6-61E228C3AD22}"
EndProject
Project("{9A19103F-16F7-4668-BE54-9A1E7A4F7556}") = "02.MirrorWords", "02.MirrorWords\02.MirrorWords.csproj", "{DB570E0A-EAFE-403D-BC20-56062DD0B0E7}"
EndProject
Project("{FAE04EC0-301F-11D3-BF4B-00C04F79EFBC}") = "03.NeedforSpeedIII", "03.NeedforSpeedIII\03.NeedforSpeedIII.csproj", "{E9D28AFE-F0AB-4A3C-91BC-907DCABD78B9}"
EndProject
Global
	GlobalSection(SolutionConfigurationPlatforms) = preSolution
		Debug|Any CPU = Debug|Any CPU
		Release|Any CPU = Release|Any CPU
	EndGlobalSection
	GlobalSection(ProjectConfigurationPlatforms) = postSolution
		{EEDD549E-1B91-4362-98F6-61E228C3AD22}.Debug|Any CPU.ActiveCfg = Debug|Any CPU
		{EEDD549E-1B91-4362-98F6-61E228C3AD22}.Debug|Any CPU.Build.0 = Debug|Any CPU
		{EEDD549E-1B91-4362-98F6-61E228C3AD22}.Release|Any CPU.ActiveCfg = Release|Any CPU
		{EEDD549E-1B91-4362-98F6-61E228C3AD22}.Release|Any CPU.Build.0 = Release|Any CPU
		{DB570E0A-EAFE-403D-BC20-56062DD0B0E7}.Debug|Any CPU.ActiveCfg = Debug|Any CPU
		{DB570E0A-EAFE-403D-BC20-56062DD0B0E7}.Debug|Any CPU.Build.0 = Debug|Any CPU
		{DB570E0A-EAFE-403D-BC20-56062DD0B0E7}.Release|Any CPU.ActiveCfg = Release|Any CPU
		{DB570E0A-EAFE-403D-BC20-56062DD0B0E7}.Release|Any CPU.Build.0 = Release|Any CPU
		{E9D28AFE-F0AB-4A3C-91BC-907DCABD78B9}.Debug|Any CPU.ActiveCfg = Debug|Any CPU
		{E9D28AFE-F0AB-4A3C-91BC-907DCABD78B9}.Debug|Any CPU.Build.0 = Debug|Any CPU
		{E9D28AFE-F0AB-4A3C-91BC-907DCABD78B9}.Release|Any CPU.ActiveCfg = Release|Any CPU
		{E9D28AFE-F0AB-4A3C-91BC-907DCABD78B9}.Release|Any CPU.Build.0 = Release|Any CPU
	EndGlobalSection
	GlobalSection(SolutionProperties) = preSolution
		HideSolutionNode = FALSE
	EndGlobalSection
	GlobalSection(ExtensibilityGlobals) = postSolution
		SolutionGuid = {F4E9F3D7-8DF3-42F8-9A75-CDAD5D720A21}
	EndGlobalSection
EndGlobal
