
Microsoft Visual Studio Solution File, Format Version 12.00
# Visual Studio Version 16
VisualStudioVersion = 16.0.31019.35
MinimumVisualStudioVersion = 10.0.40219.1
Project("{9A19103F-16F7-4668-BE54-9A1E7A4F7556}") = "PersonInfo", "Abstraction-OOP-Exercise\PersonInfo.csproj", "{D9B0C05E-F9E1-4F45-B2A9-F9212404FACE}"
EndProject
Project("{9A19103F-16F7-4668-BE54-9A1E7A4F7556}") = "Telephony", "Telephony\Telephony.csproj", "{CE87E021-EA4B-4116-9D27-9BB1C90685B4}"
EndProject
Project("{9A19103F-16F7-4668-BE54-9A1E7A4F7556}") = "BorderControl", "BorderControl\BorderControl.csproj", "{60422C25-4E22-4253-91EF-4AF0BA7B2A32}"
EndProject
Project("{FAE04EC0-301F-11D3-BF4B-00C04F79EFBC}") = "ExplicitInterfaces", "ExplicitInterfaces\ExplicitInterfaces.csproj", "{20F0D4DB-33F4-4291-9334-FF1B7246AABF}"
EndProject
Project("{FAE04EC0-301F-11D3-BF4B-00C04F79EFBC}") = "CollectionHierarchy", "CollectionHierarchy\CollectionHierarchy.csproj", "{1D0C9E96-FDE1-4FB3-BC69-72DD0459AD95}"
EndProject
Global
	GlobalSection(SolutionConfigurationPlatforms) = preSolution
		Debug|Any CPU = Debug|Any CPU
		Release|Any CPU = Release|Any CPU
	EndGlobalSection
	GlobalSection(ProjectConfigurationPlatforms) = postSolution
		{D9B0C05E-F9E1-4F45-B2A9-F9212404FACE}.Debug|Any CPU.ActiveCfg = Debug|Any CPU
		{D9B0C05E-F9E1-4F45-B2A9-F9212404FACE}.Debug|Any CPU.Build.0 = Debug|Any CPU
		{D9B0C05E-F9E1-4F45-B2A9-F9212404FACE}.Release|Any CPU.ActiveCfg = Release|Any CPU
		{D9B0C05E-F9E1-4F45-B2A9-F9212404FACE}.Release|Any CPU.Build.0 = Release|Any CPU
		{CE87E021-EA4B-4116-9D27-9BB1C90685B4}.Debug|Any CPU.ActiveCfg = Debug|Any CPU
		{CE87E021-EA4B-4116-9D27-9BB1C90685B4}.Debug|Any CPU.Build.0 = Debug|Any CPU
		{CE87E021-EA4B-4116-9D27-9BB1C90685B4}.Release|Any CPU.ActiveCfg = Release|Any CPU
		{CE87E021-EA4B-4116-9D27-9BB1C90685B4}.Release|Any CPU.Build.0 = Release|Any CPU
		{60422C25-4E22-4253-91EF-4AF0BA7B2A32}.Debug|Any CPU.ActiveCfg = Debug|Any CPU
		{60422C25-4E22-4253-91EF-4AF0BA7B2A32}.Debug|Any CPU.Build.0 = Debug|Any CPU
		{60422C25-4E22-4253-91EF-4AF0BA7B2A32}.Release|Any CPU.ActiveCfg = Release|Any CPU
		{60422C25-4E22-4253-91EF-4AF0BA7B2A32}.Release|Any CPU.Build.0 = Release|Any CPU
		{20F0D4DB-33F4-4291-9334-FF1B7246AABF}.Debug|Any CPU.ActiveCfg = Debug|Any CPU
		{20F0D4DB-33F4-4291-9334-FF1B7246AABF}.Debug|Any CPU.Build.0 = Debug|Any CPU
		{20F0D4DB-33F4-4291-9334-FF1B7246AABF}.Release|Any CPU.ActiveCfg = Release|Any CPU
		{20F0D4DB-33F4-4291-9334-FF1B7246AABF}.Release|Any CPU.Build.0 = Release|Any CPU
		{1D0C9E96-FDE1-4FB3-BC69-72DD0459AD95}.Debug|Any CPU.ActiveCfg = Debug|Any CPU
		{1D0C9E96-FDE1-4FB3-BC69-72DD0459AD95}.Debug|Any CPU.Build.0 = Debug|Any CPU
		{1D0C9E96-FDE1-4FB3-BC69-72DD0459AD95}.Release|Any CPU.ActiveCfg = Release|Any CPU
		{1D0C9E96-FDE1-4FB3-BC69-72DD0459AD95}.Release|Any CPU.Build.0 = Release|Any CPU
	EndGlobalSection
	GlobalSection(SolutionProperties) = preSolution
		HideSolutionNode = FALSE
	EndGlobalSection
	GlobalSection(ExtensibilityGlobals) = postSolution
		SolutionGuid = {B29C58B1-AB6C-4E1D-A6AC-3F817C09BFD6}
	EndGlobalSection
EndGlobal
